
Microsoft Visual Studio Solution File, Format Version 12.00
Project("{FAE04EC0-301F-11D3-BF4B-00C04F79EFBC}") = "RemoteAdminLogging", "RemoteAdminLogging\RemoteAdminLogging.csproj", "{F51238C4-F98C-4AC4-B2C8-A6D5E670DDCB}"
EndProject
Global
	GlobalSection(SolutionConfigurationPlatforms) = preSolution
		Debug|Any CPU = Debug|Any CPU
		Release|Any CPU = Release|Any CPU
	EndGlobalSection
	GlobalSection(ProjectConfigurationPlatforms) = postSolution
		{F51238C4-F98C-4AC4-B2C8-A6D5E670DDCB}.Debug|Any CPU.ActiveCfg = Debug|Any CPU
		{F51238C4-F98C-4AC4-B2C8-A6D5E670DDCB}.Debug|Any CPU.Build.0 = Debug|Any CPU
		{F51238C4-F98C-4AC4-B2C8-A6D5E670DDCB}.Release|Any CPU.ActiveCfg = Release|Any CPU
		{F51238C4-F98C-4AC4-B2C8-A6D5E670DDCB}.Release|Any CPU.Build.0 = Release|Any CPU
	EndGlobalSection
EndGlobal
